{"is_source_file": false, "format": "", "description": "", "external_files": [], "external_methods": [], "published": [], "classes": [], "methods": [], "calls": [], "search-terms": [], "state": 2, "file_id": 32, "knowledge_revision": 163, "git_revision": "", "hash": "510c0f18ad8406ed2039f39e65f711a5", "format-version": 4, "code-base-name": "default", "filename": "noteease_frontend/macos/Runner.xcodeproj/project.pbxproj", "revision_history": [{"163": ""}]}