{"is_source_file": false, "format": "", "description": "", "external_files": [], "external_methods": [], "published": [], "classes": [], "methods": [], "calls": [], "search-terms": [], "state": 2, "file_id": 31, "knowledge_revision": 168, "git_revision": "", "hash": "2af28b25886d8e3ea58e3014bd8f46c1", "format-version": 4, "code-base-name": "default", "filename": "noteease_frontend/macos/Runner.xcodeproj/xcshareddata/xcschemes/Runner.xcscheme", "revision_history": [{"168": ""}]}